# This file was autogenerated by Stack.
# You should not edit this file by hand.
# For more information, please see the documentation at:
#   https://docs.haskellstack.org/en/stable/lock_files

packages:
- completed:
    name: avtor-core-hs
    version: 0.1.0.0
    git: https://github.com/decapo01/avtor-core-hs.git
    pantry-tree:
      size: 677
      sha256: be5ccab3702f7ca1ad069a3d84f713367ad9569c4d53f75d1c159ca4735f59c8
    commit: 9875f4b15a4a672ccbdfebf68f0b98605a6728f1
  original:
    git: https://github.com/decapo01/avtor-core-hs.git
    commit: 9875f4b15a4a672ccbdfebf68f0b98605a6728f1
- completed:
    hackage: digestive-functors-0.8.4.2@sha256:badff1797b6dcd860a48ed4558985b2f6bec501e1016fa5afd9d7d6b0d8e4c08,3364
    pantry-tree:
      size: 1682
      sha256: 53ce82c7f0c60c10009b1b764b537117a4ab402bbe1a147fba5ad2263acb3025
  original:
    hackage: digestive-functors-0.8.4.2@sha256:badff1797b6dcd860a48ed4558985b2f6bec501e1016fa5afd9d7d6b0d8e4c08,3364
- completed:
    hackage: digestive-functors-scotty-0.2.0.2@sha256:5d7d94c850207910683a4ac60426bf3fb0d62ba2d15cd0bfb758cbee51417580,1171
    pantry-tree:
      size: 238
      sha256: 4a7fd3fe2c0e4a328d2d74508fff31cf8aa3243cdbf08731d6d7475014dc60ef
  original:
    hackage: digestive-functors-scotty-0.2.0.2@sha256:5d7d94c850207910683a4ac60426bf3fb0d62ba2d15cd0bfb758cbee51417580,1171
- completed:
    hackage: digestive-functors-blaze-0.6.2.0@sha256:3aae259265b8517fb7efe2a7681d846e01f52c22f49f193aff550a1630f182d0,841
    pantry-tree:
      size: 289
      sha256: 2584d35cf054e3daa2f961d7b68e1c0bafd68f99284c4e76509fc455a0380315
  original:
    hackage: digestive-functors-blaze-0.6.2.0@sha256:3aae259265b8517fb7efe2a7681d846e01f52c22f49f193aff550a1630f182d0,841
snapshots:
- completed:
    size: 525663
    url: https://raw.githubusercontent.com/commercialhaskell/stackage-snapshots/master/lts/14/14.yaml
    sha256: 6edc48df46eb8bf7b861e98dd30d021a92c2e1820c9bb6528aac5d997b0e14ef
  original: lts-14.14
