# This file was autogenerated by Stack.
# You should not edit this file by hand.
# For more information, please see the documentation at:
#   https://docs.haskellstack.org/en/stable/lock_files

packages:
- completed:
    name: avtor-core-hs
    version: 0.1.0.0
    git: https://github.com/decapo01/avtor-core-hs.git
    pantry-tree:
      size: 677
      sha256: be5ccab3702f7ca1ad069a3d84f713367ad9569c4d53f75d1c159ca4735f59c8
    commit: 9875f4b15a4a672ccbdfebf68f0b98605a6728f1
  original:
    git: https://github.com/decapo01/avtor-core-hs.git
    commit: 9875f4b15a4a672ccbdfebf68f0b98605a6728f1
snapshots:
- completed:
    size: 525663
    url: https://raw.githubusercontent.com/commercialhaskell/stackage-snapshots/master/lts/14/14.yaml
    sha256: 6edc48df46eb8bf7b861e98dd30d021a92c2e1820c9bb6528aac5d997b0e14ef
  original: lts-14.14
